{
  "name": "e2e",
  "lockfileVersion": 2,
  "requires": true,
  "packages": {
    "": {
      "dependencies": {
        "@lvce-editor/test-with-playwright": "file:../../../../"
      }
    },
    "../..": {
      "extraneous": true
    },
    "../../..": {
      "extraneous": true
    },
    "../../../..": {
      "version": "0.0.0-dev",
      "license": "MIT",
      "dependencies": {
        "@playwright/test": "^1.23.0",
        "get-port": "^6.1.2"
      },
      "devDependencies": {
        "@lvce-editor/server": "^0.0.20",
        "@types/jest": "^28.1.3",
        "@types/node": "^18.0.0",
        "jest": "^28.1.1",
        "prettier": "^2.7.1",
        "typescript": "^4.7.4"
      }
    },
    "node_modules/@lvce-editor/test-with-playwright": {
      "resolved": "../../../..",
      "link": true
    }
  },
  "dependencies": {
    "@lvce-editor/test-with-playwright": {
      "version": "file:../../../..",
      "requires": {
        "@lvce-editor/server": "^0.0.20",
        "@playwright/test": "^1.23.0",
        "@types/jest": "^28.1.3",
        "@types/node": "^18.0.0",
        "get-port": "^6.1.2",
        "jest": "^28.1.1",
        "prettier": "^2.7.1",
        "typescript": "^4.7.4"
      }
    }
  }
}
